
Microsoft Visual Studio Solution File, Format Version 12.00
# Visual Studio Version 17
VisualStudioVersion = 17.7.34003.232
MinimumVisualStudioVersion = 10.0.40219.1
Project("{FAE04EC0-301F-11D3-BF4B-00C04F79EFBC}") = "turorialFUTEK", "turorialFUTEK\turorialFUTEK.csproj", "{2B7678A0-F11F-4738-8082-7C60B97290A9}"
EndProject
Global
	GlobalSection(SolutionConfigurationPlatforms) = preSolution
		Debug|Any CPU = Debug|Any CPU
		Release|Any CPU = Release|Any CPU
	EndGlobalSection
	GlobalSection(ProjectConfigurationPlatforms) = postSolution
		{2B7678A0-F11F-4738-8082-7C60B97290A9}.Debug|Any CPU.ActiveCfg = Debug|Any CPU
		{2B7678A0-F11F-4738-8082-7C60B97290A9}.Debug|Any CPU.Build.0 = Debug|Any CPU
		{2B7678A0-F11F-4738-8082-7C60B97290A9}.Release|Any CPU.ActiveCfg = Release|Any CPU
		{2B7678A0-F11F-4738-8082-7C60B97290A9}.Release|Any CPU.Build.0 = Release|Any CPU
	EndGlobalSection
	GlobalSection(SolutionProperties) = preSolution
		HideSolutionNode = FALSE
	EndGlobalSection
	GlobalSection(ExtensibilityGlobals) = postSolution
		SolutionGuid = {0E799C1E-AA16-4AA7-920E-C16DEF7A6A6E}
	EndGlobalSection
EndGlobal
