
Microsoft Visual Studio Solution File, Format Version 12.00
# Visual Studio Version 17
VisualStudioVersion = 17.7.34003.232
MinimumVisualStudioVersion = 10.0.40219.1
Project("{FAE04EC0-301F-11D3-BF4B-00C04F79EFBC}") = "intentointerfaz1", "intentointerfaz1\intentointerfaz1.csproj", "{31781448-DAA8-469D-861D-B62ED09D65A0}"
EndProject
Global
	GlobalSection(SolutionConfigurationPlatforms) = preSolution
		Debug|Any CPU = Debug|Any CPU
		Release|Any CPU = Release|Any CPU
	EndGlobalSection
	GlobalSection(ProjectConfigurationPlatforms) = postSolution
		{31781448-DAA8-469D-861D-B62ED09D65A0}.Debug|Any CPU.ActiveCfg = Debug|Any CPU
		{31781448-DAA8-469D-861D-B62ED09D65A0}.Debug|Any CPU.Build.0 = Debug|Any CPU
		{31781448-DAA8-469D-861D-B62ED09D65A0}.Release|Any CPU.ActiveCfg = Release|Any CPU
		{31781448-DAA8-469D-861D-B62ED09D65A0}.Release|Any CPU.Build.0 = Release|Any CPU
	EndGlobalSection
	GlobalSection(SolutionProperties) = preSolution
		HideSolutionNode = FALSE
	EndGlobalSection
	GlobalSection(ExtensibilityGlobals) = postSolution
		SolutionGuid = {A505E12E-10C8-454F-83E2-1B663636E30D}
	EndGlobalSection
EndGlobal
