
Microsoft Visual Studio Solution File, Format Version 12.00
# Visual Studio Version 17
VisualStudioVersion = 17.7.34003.232
MinimumVisualStudioVersion = 10.0.40219.1
Project("{FAE04EC0-301F-11D3-BF4B-00C04F79EFBC}") = "ejemploKDC101API", "ejemploKDC101API\ejemploKDC101API.csproj", "{31C42E4B-899B-4229-B079-02D733A98797}"
EndProject
Global
	GlobalSection(SolutionConfigurationPlatforms) = preSolution
		Debug|Any CPU = Debug|Any CPU
		Release|Any CPU = Release|Any CPU
	EndGlobalSection
	GlobalSection(ProjectConfigurationPlatforms) = postSolution
		{31C42E4B-899B-4229-B079-02D733A98797}.Debug|Any CPU.ActiveCfg = Debug|Any CPU
		{31C42E4B-899B-4229-B079-02D733A98797}.Debug|Any CPU.Build.0 = Debug|Any CPU
		{31C42E4B-899B-4229-B079-02D733A98797}.Release|Any CPU.ActiveCfg = Release|Any CPU
		{31C42E4B-899B-4229-B079-02D733A98797}.Release|Any CPU.Build.0 = Release|Any CPU
	EndGlobalSection
	GlobalSection(SolutionProperties) = preSolution
		HideSolutionNode = FALSE
	EndGlobalSection
	GlobalSection(ExtensibilityGlobals) = postSolution
		SolutionGuid = {90DA2A06-7E7C-4F00-A965-F553F8627C6A}
	EndGlobalSection
EndGlobal
